
Microsoft Visual Studio Solution File, Format Version 12.00
# Visual Studio 15
VisualStudioVersion = 15.0.28307.1684
MinimumVisualStudioVersion = 10.0.40219.1
Project("{FAE04EC0-301F-11D3-BF4B-00C04F79EFBC}") = "TesterProgram", "TesterProgram\TesterProgram.csproj", "{8BC490F4-5073-49BC-B412-E1C8D141A226}"
EndProject
Project("{FAE04EC0-301F-11D3-BF4B-00C04F79EFBC}") = "ClassesLibrary", "ClassesLibrary\ClassesLibrary.csproj", "{FE8AEA37-1E84-49EC-B5B8-941971A3DD6C}"
EndProject
Global
	GlobalSection(SolutionConfigurationPlatforms) = preSolution
		Debug|Any CPU = Debug|Any CPU
		Release|Any CPU = Release|Any CPU
	EndGlobalSection
	GlobalSection(ProjectConfigurationPlatforms) = postSolution
		{8BC490F4-5073-49BC-B412-E1C8D141A226}.Debug|Any CPU.ActiveCfg = Debug|Any CPU
		{8BC490F4-5073-49BC-B412-E1C8D141A226}.Debug|Any CPU.Build.0 = Debug|Any CPU
		{8BC490F4-5073-49BC-B412-E1C8D141A226}.Release|Any CPU.ActiveCfg = Release|Any CPU
		{8BC490F4-5073-49BC-B412-E1C8D141A226}.Release|Any CPU.Build.0 = Release|Any CPU
		{FE8AEA37-1E84-49EC-B5B8-941971A3DD6C}.Debug|Any CPU.ActiveCfg = Debug|Any CPU
		{FE8AEA37-1E84-49EC-B5B8-941971A3DD6C}.Debug|Any CPU.Build.0 = Debug|Any CPU
		{FE8AEA37-1E84-49EC-B5B8-941971A3DD6C}.Release|Any CPU.ActiveCfg = Release|Any CPU
		{FE8AEA37-1E84-49EC-B5B8-941971A3DD6C}.Release|Any CPU.Build.0 = Release|Any CPU
	EndGlobalSection
	GlobalSection(SolutionProperties) = preSolution
		HideSolutionNode = FALSE
	EndGlobalSection
	GlobalSection(ExtensibilityGlobals) = postSolution
		SolutionGuid = {9388A5ED-6CDE-4B3C-A22C-44AE5FBD98FC}
	EndGlobalSection
EndGlobal
